// !$*UTF8*$!
{
	archiveVersion = 1;
	classes = {
	};
	objectVersion = 52;
	objects = {

/* Begin PBXBuildFile section */
		6D670C3525FA785600BD5242 /* AppDelegate.swift in Sources */ = {isa = PBXBuildFile; fileRef = 6D670C3425FA785600BD5242 /* AppDelegate.swift */; };
		6D670C3725FA785600BD5242 /* SceneDelegate.swift in Sources */ = {isa = PBXBuildFile; fileRef = 6D670C3625FA785600BD5242 /* SceneDelegate.swift */; };
		6D670C3925FA785600BD5242 /* ViewController.swift in Sources */ = {isa = PBXBuildFile; fileRef = 6D670C3825FA785600BD5242 /* ViewController.swift */; };
		6D670C3C25FA785600BD5242 /* Main.storyboard in Resources */ = {isa = PBXBuildFile; fileRef = 6D670C3A25FA785600BD5242 /* Main.storyboard */; };
		6D670C3E25FA785800BD5242 /* Assets.xcassets in Resources */ = {isa = PBXBuildFile; fileRef = 6D670C3D25FA785800BD5242 /* Assets.xcassets */; };
		6D670C4125FA785800BD5242 /* LaunchScreen.storyboard in Resources */ = {isa = PBXBuildFile; fileRef = 6D670C3F25FA785800BD5242 /* LaunchScreen.storyboard */; };
		6DD55DC225FFAF5500A462FF /* themis in Frameworks */ = {isa = PBXBuildFile; productRef = 6DD55DC125FFAF5500A462FF /* themis */; };
		D9095FDF25FFEEAA00435096 /* ThemisTrampoline.mm in Sources */ = {isa = PBXBuildFile; fileRef = D9095FDE25FFEEAA00435096 /* ThemisTrampoline.mm */; };
/* End PBXBuildFile section */

/* Begin PBXFileReference section */
		6D670C3125FA785600BD5242 /* SPM_4.app */ = {isa = PBXFileReference; explicitFileType = wrapper.application; includeInIndex = 0; path = SPM_4.app; sourceTree = BUILT_PRODUCTS_DIR; };
		6D670C3425FA785600BD5242 /* AppDelegate.swift */ = {isa = PBXFileReference; lastKnownFileType = sourcecode.swift; path = AppDelegate.swift; sourceTree = "<group>"; };
		6D670C3625FA785600BD5242 /* SceneDelegate.swift */ = {isa = PBXFileReference; lastKnownFileType = sourcecode.swift; path = SceneDelegate.swift; sourceTree = "<group>"; };
		6D670C3825FA785600BD5242 /* ViewController.swift */ = {isa = PBXFileReference; lastKnownFileType = sourcecode.swift; path = ViewController.swift; sourceTree = "<group>"; };
		6D670C3B25FA785600BD5242 /* Base */ = {isa = PBXFileReference; lastKnownFileType = file.storyboard; name = Base; path = Base.lproj/Main.storyboard; sourceTree = "<group>"; };
		6D670C3D25FA785800BD5242 /* Assets.xcassets */ = {isa = PBXFileReference; lastKnownFileType = folder.assetcatalog; path = Assets.xcassets; sourceTree = "<group>"; };
		6D670C4025FA785800BD5242 /* Base */ = {isa = PBXFileReference; lastKnownFileType = file.storyboard; name = Base; path = Base.lproj/LaunchScreen.storyboard; sourceTree = "<group>"; };
		6D670C4225FA785800BD5242 /* Info.plist */ = {isa = PBXFileReference; lastKnownFileType = text.plist.xml; path = Info.plist; sourceTree = "<group>"; };
		D9095FD425FFEE4300435096 /* secure_session.hpp */ = {isa = PBXFileReference; fileEncoding = 4; lastKnownFileType = sourcecode.cpp.h; path = secure_session.hpp; sourceTree = "<group>"; };
		D9095FD525FFEE4300435096 /* secure_keygen.hpp */ = {isa = PBXFileReference; fileEncoding = 4; lastKnownFileType = sourcecode.cpp.h; path = secure_keygen.hpp; sourceTree = "<group>"; };
		D9095FD625FFEE4300435096 /* secure_rand.hpp */ = {isa = PBXFileReference; fileEncoding = 4; lastKnownFileType = sourcecode.cpp.h; path = secure_rand.hpp; sourceTree = "<group>"; };
		D9095FD725FFEE4300435096 /* secure_cell.hpp */ = {isa = PBXFileReference; fileEncoding = 4; lastKnownFileType = sourcecode.cpp.h; path = secure_cell.hpp; sourceTree = "<group>"; };
		D9095FD825FFEE4300435096 /* secure_message.hpp */ = {isa = PBXFileReference; fileEncoding = 4; lastKnownFileType = sourcecode.cpp.h; path = secure_message.hpp; sourceTree = "<group>"; };
		D9095FD925FFEE4300435096 /* secure_comparator.hpp */ = {isa = PBXFileReference; fileEncoding = 4; lastKnownFileType = sourcecode.cpp.h; path = secure_comparator.hpp; sourceTree = "<group>"; };
		D9095FDA25FFEE4300435096 /* exception.hpp */ = {isa = PBXFileReference; fileEncoding = 4; lastKnownFileType = sourcecode.cpp.h; path = exception.hpp; sourceTree = "<group>"; };
		D9095FDC25FFEEA900435096 /* SPM_4-Bridging-Header.h */ = {isa = PBXFileReference; lastKnownFileType = sourcecode.c.h; path = "SPM_4-Bridging-Header.h"; sourceTree = "<group>"; };
		D9095FDD25FFEEAA00435096 /* ThemisTrampoline.h */ = {isa = PBXFileReference; lastKnownFileType = sourcecode.c.h; path = ThemisTrampoline.h; sourceTree = "<group>"; };
		D9095FDE25FFEEAA00435096 /* ThemisTrampoline.mm */ = {isa = PBXFileReference; lastKnownFileType = sourcecode.cpp.objcpp; path = ThemisTrampoline.mm; sourceTree = "<group>"; };
/* End PBXFileReference section */

/* Begin PBXFrameworksBuildPhase section */
		6D670C2E25FA785600BD5242 /* Frameworks */ = {
			isa = PBXFrameworksBuildPhase;
			buildActionMask = 2147483647;
			files = (
				6DD55DC225FFAF5500A462FF /* themis in Frameworks */,
			);
			runOnlyForDeploymentPostprocessing = 0;
		};
/* End PBXFrameworksBuildPhase section */

/* Begin PBXGroup section */
		6D670C2825FA785600BD5242 = {
			isa = PBXGroup;
			children = (
				6D670C3325FA785600BD5242 /* SPM_4 */,
				6D670C3225FA785600BD5242 /* Products */,
			);
			sourceTree = "<group>";
		};
		6D670C3225FA785600BD5242 /* Products */ = {
			isa = PBXGroup;
			children = (
				6D670C3125FA785600BD5242 /* SPM_4.app */,
			);
			name = Products;
			sourceTree = "<group>";
		};
		6D670C3325FA785600BD5242 /* SPM_4 */ = {
			isa = PBXGroup;
			children = (
				D9095FD325FFEE4300435096 /* themispp */,
				6D670C3425FA785600BD5242 /* AppDelegate.swift */,
				6D670C3625FA785600BD5242 /* SceneDelegate.swift */,
				6D670C3825FA785600BD5242 /* ViewController.swift */,
				6D670C3A25FA785600BD5242 /* Main.storyboard */,
				6D670C3D25FA785800BD5242 /* Assets.xcassets */,
				6D670C3F25FA785800BD5242 /* LaunchScreen.storyboard */,
				6D670C4225FA785800BD5242 /* Info.plist */,
				D9095FDD25FFEEAA00435096 /* ThemisTrampoline.h */,
				D9095FDE25FFEEAA00435096 /* ThemisTrampoline.mm */,
				D9095FDC25FFEEA900435096 /* SPM_4-Bridging-Header.h */,
			);
			path = SPM_4;
			sourceTree = "<group>";
		};
		D9095FD325FFEE4300435096 /* themispp */ = {
			isa = PBXGroup;
			children = (
				D9095FD425FFEE4300435096 /* secure_session.hpp */,
				D9095FD525FFEE4300435096 /* secure_keygen.hpp */,
				D9095FD625FFEE4300435096 /* secure_rand.hpp */,
				D9095FD725FFEE4300435096 /* secure_cell.hpp */,
				D9095FD825FFEE4300435096 /* secure_message.hpp */,
				D9095FD925FFEE4300435096 /* secure_comparator.hpp */,
				D9095FDA25FFEE4300435096 /* exception.hpp */,
			);
			path = themispp;
			sourceTree = "<group>";
		};
/* End PBXGroup section */

/* Begin PBXNativeTarget section */
		6D670C3025FA785600BD5242 /* SPM_4 */ = {
			isa = PBXNativeTarget;
			buildConfigurationList = 6D670C4525FA785800BD5242 /* Build configuration list for PBXNativeTarget "SPM_4" */;
			buildPhases = (
				6D670C2D25FA785600BD5242 /* Sources */,
				6D670C2E25FA785600BD5242 /* Frameworks */,
				6D670C2F25FA785600BD5242 /* Resources */,
			);
			buildRules = (
			);
			dependencies = (
			);
			name = SPM_4;
			packageProductDependencies = (
				6DD55DC125FFAF5500A462FF /* themis */,
			);
			productName = SPM_4;
			productReference = 6D670C3125FA785600BD5242 /* SPM_4.app */;
			productType = "com.apple.product-type.application";
		};
/* End PBXNativeTarget section */

/* Begin PBXProject section */
		6D670C2925FA785600BD5242 /* Project object */ = {
			isa = PBXProject;
			attributes = {
				LastSwiftUpdateCheck = 1240;
				LastUpgradeCheck = 1240;
				TargetAttributes = {
					6D670C3025FA785600BD5242 = {
						CreatedOnToolsVersion = 12.4;
						LastSwiftMigration = 1240;
					};
				};
			};
			buildConfigurationList = 6D670C2C25FA785600BD5242 /* Build configuration list for PBXProject "SPM_4" */;
			compatibilityVersion = "Xcode 9.3";
			developmentRegion = en;
			hasScannedForEncodings = 0;
			knownRegions = (
				en,
				Base,
			);
			mainGroup = 6D670C2825FA785600BD5242;
			packageReferences = (
				6DD55DC025FFAF5500A462FF /* XCRemoteSwiftPackageReference "themis" */,
			);
			productRefGroup = 6D670C3225FA785600BD5242 /* Products */;
			projectDirPath = "";
			projectRoot = "";
			targets = (
				6D670C3025FA785600BD5242 /* SPM_4 */,
			);
		};
/* End PBXProject section */

/* Begin PBXResourcesBuildPhase section */
		6D670C2F25FA785600BD5242 /* Resources */ = {
			isa = PBXResourcesBuildPhase;
			buildActionMask = 2147483647;
			files = (
				6D670C4125FA785800BD5242 /* LaunchScreen.storyboard in Resources */,
				6D670C3E25FA785800BD5242 /* Assets.xcassets in Resources */,
				6D670C3C25FA785600BD5242 /* Main.storyboard in Resources */,
			);
			runOnlyForDeploymentPostprocessing = 0;
		};
/* End PBXResourcesBuildPhase section */

/* Begin PBXSourcesBuildPhase section */
		6D670C2D25FA785600BD5242 /* Sources */ = {
			isa = PBXSourcesBuildPhase;
			buildActionMask = 2147483647;
			files = (
				6D670C3925FA785600BD5242 /* ViewController.swift in Sources */,
				6D670C3525FA785600BD5242 /* AppDelegate.swift in Sources */,
				D9095FDF25FFEEAA00435096 /* ThemisTrampoline.mm in Sources */,
				6D670C3725FA785600BD5242 /* SceneDelegate.swift in Sources */,
			);
			runOnlyForDeploymentPostprocessing = 0;
		};
/* End PBXSourcesBuildPhase section */

/* Begin PBXVariantGroup section */
		6D670C3A25FA785600BD5242 /* Main.storyboard */ = {
			isa = PBXVariantGroup;
			children = (
				6D670C3B25FA785600BD5242 /* Base */,
			);
			name = Main.storyboard;
			sourceTree = "<group>";
		};
		6D670C3F25FA785800BD5242 /* LaunchScreen.storyboard */ = {
			isa = PBXVariantGroup;
			children = (
				6D670C4025FA785800BD5242 /* Base */,
			);
			name = LaunchScreen.storyboard;
			sourceTree = "<group>";
		};
/* End PBXVariantGroup section */

/* Begin XCBuildConfiguration section */
		6D670C4325FA785800BD5242 /* Debug */ = {
			isa = XCBuildConfiguration;
			buildSettings = {
				ALWAYS_SEARCH_USER_PATHS = NO;
				CLANG_ANALYZER_NONNULL = YES;
				CLANG_ANALYZER_NUMBER_OBJECT_CONVERSION = YES_AGGRESSIVE;
				CLANG_CXX_LANGUAGE_STANDARD = "gnu++14";
				CLANG_CXX_LIBRARY = "libc++";
				CLANG_ENABLE_MODULES = YES;
				CLANG_ENABLE_OBJC_ARC = YES;
				CLANG_ENABLE_OBJC_WEAK = YES;
				CLANG_WARN_BLOCK_CAPTURE_AUTORELEASING = YES;
				CLANG_WARN_BOOL_CONVERSION = YES;
				CLANG_WARN_COMMA = YES;
				CLANG_WARN_CONSTANT_CONVERSION = YES;
				CLANG_WARN_DEPRECATED_OBJC_IMPLEMENTATIONS = YES;
				CLANG_WARN_DIRECT_OBJC_ISA_USAGE = YES_ERROR;
				CLANG_WARN_DOCUMENTATION_COMMENTS = YES;
				CLANG_WARN_EMPTY_BODY = YES;
				CLANG_WARN_ENUM_CONVERSION = YES;
				CLANG_WARN_INFINITE_RECURSION = YES;
				CLANG_WARN_INT_CONVERSION = YES;
				CLANG_WARN_NON_LITERAL_NULL_CONVERSION = YES;
				CLANG_WARN_OBJC_IMPLICIT_RETAIN_SELF = YES;
				CLANG_WARN_OBJC_LITERAL_CONVERSION = YES;
				CLANG_WARN_OBJC_ROOT_CLASS = YES_ERROR;
				CLANG_WARN_QUOTED_INCLUDE_IN_FRAMEWORK_HEADER = YES;
				CLANG_WARN_RANGE_LOOP_ANALYSIS = YES;
				CLANG_WARN_STRICT_PROTOTYPES = YES;
				CLANG_WARN_SUSPICIOUS_MOVE = YES;
				CLANG_WARN_UNGUARDED_AVAILABILITY = YES_AGGRESSIVE;
				CLANG_WARN_UNREACHABLE_CODE = YES;
				CLANG_WARN__DUPLICATE_METHOD_MATCH = YES;
				COPY_PHASE_STRIP = NO;
				DEBUG_INFORMATION_FORMAT = dwarf;
				ENABLE_STRICT_OBJC_MSGSEND = YES;
				ENABLE_TESTABILITY = YES;
				GCC_C_LANGUAGE_STANDARD = gnu11;
				GCC_DYNAMIC_NO_PIC = NO;
				GCC_NO_COMMON_BLOCKS = YES;
				GCC_OPTIMIZATION_LEVEL = 0;
				GCC_PREPROCESSOR_DEFINITIONS = (
					"DEBUG=1",
					"$(inherited)",
				);
				GCC_WARN_64_TO_32_BIT_CONVERSION = YES;
				GCC_WARN_ABOUT_RETURN_TYPE = YES_ERROR;
				GCC_WARN_UNDECLARED_SELECTOR = YES;
				GCC_WARN_UNINITIALIZED_AUTOS = YES_AGGRESSIVE;
				GCC_WARN_UNUSED_FUNCTION = YES;
				GCC_WARN_UNUSED_VARIABLE = YES;
				IPHONEOS_DEPLOYMENT_TARGET = 14.4;
				MTL_ENABLE_DEBUG_INFO = INCLUDE_SOURCE;
				MTL_FAST_MATH = YES;
				ONLY_ACTIVE_ARCH = YES;
				SDKROOT = iphoneos;
				SWIFT_ACTIVE_COMPILATION_CONDITIONS = DEBUG;
				SWIFT_OPTIMIZATION_LEVEL = "-Onone";
			};
			name = Debug;
		};
		6D670C4425FA785800BD5242 /* Release */ = {
			isa = XCBuildConfiguration;
			buildSettings = {
				ALWAYS_SEARCH_USER_PATHS = NO;
				CLANG_ANALYZER_NONNULL = YES;
				CLANG_ANALYZER_NUMBER_OBJECT_CONVERSION = YES_AGGRESSIVE;
				CLANG_CXX_LANGUAGE_STANDARD = "gnu++14";
				CLANG_CXX_LIBRARY = "libc++";
				CLANG_ENABLE_MODULES = YES;
				CLANG_ENABLE_OBJC_ARC = YES;
				CLANG_ENABLE_OBJC_WEAK = YES;
				CLANG_WARN_BLOCK_CAPTURE_AUTORELEASING = YES;
				CLANG_WARN_BOOL_CONVERSION = YES;
				CLANG_WARN_COMMA = YES;
				CLANG_WARN_CONSTANT_CONVERSION = YES;
				CLANG_WARN_DEPRECATED_OBJC_IMPLEMENTATIONS = YES;
				CLANG_WARN_DIRECT_OBJC_ISA_USAGE = YES_ERROR;
				CLANG_WARN_DOCUMENTATION_COMMENTS = YES;
				CLANG_WARN_EMPTY_BODY = YES;
				CLANG_WARN_ENUM_CONVERSION = YES;
				CLANG_WARN_INFINITE_RECURSION = YES;
				CLANG_WARN_INT_CONVERSION = YES;
				CLANG_WARN_NON_LITERAL_NULL_CONVERSION = YES;
				CLANG_WARN_OBJC_IMPLICIT_RETAIN_SELF = YES;
				CLANG_WARN_OBJC_LITERAL_CONVERSION = YES;
				CLANG_WARN_OBJC_ROOT_CLASS = YES_ERROR;
				CLANG_WARN_QUOTED_INCLUDE_IN_FRAMEWORK_HEADER = YES;
				CLANG_WARN_RANGE_LOOP_ANALYSIS = YES;
				CLANG_WARN_STRICT_PROTOTYPES = YES;
				CLANG_WARN_SUSPICIOUS_MOVE = YES;
				CLANG_WARN_UNGUARDED_AVAILABILITY = YES_AGGRESSIVE;
				CLANG_WARN_UNREACHABLE_CODE = YES;
				CLANG_WARN__DUPLICATE_METHOD_MATCH = YES;
				COPY_PHASE_STRIP = NO;
				DEBUG_INFORMATION_FORMAT = "dwarf-with-dsym";
				ENABLE_NS_ASSERTIONS = NO;
				ENABLE_STRICT_OBJC_MSGSEND = YES;
				GCC_C_LANGUAGE_STANDARD = gnu11;
				GCC_NO_COMMON_BLOCKS = YES;
				GCC_WARN_64_TO_32_BIT_CONVERSION = YES;
				GCC_WARN_ABOUT_RETURN_TYPE = YES_ERROR;
				GCC_WARN_UNDECLARED_SELECTOR = YES;
				GCC_WARN_UNINITIALIZED_AUTOS = YES_AGGRESSIVE;
				GCC_WARN_UNUSED_FUNCTION = YES;
				GCC_WARN_UNUSED_VARIABLE = YES;
				IPHONEOS_DEPLOYMENT_TARGET = 14.4;
				MTL_ENABLE_DEBUG_INFO = NO;
				MTL_FAST_MATH = YES;
				SDKROOT = iphoneos;
				SWIFT_COMPILATION_MODE = wholemodule;
				SWIFT_OPTIMIZATION_LEVEL = "-O";
				VALIDATE_PRODUCT = YES;
			};
			name = Release;
		};
		6D670C4625FA785800BD5242 /* Debug */ = {
			isa = XCBuildConfiguration;
			buildSettings = {
				ASSETCATALOG_COMPILER_APPICON_NAME = AppIcon;
				ASSETCATALOG_COMPILER_GLOBAL_ACCENT_COLOR_NAME = AccentColor;
				CLANG_ENABLE_MODULES = YES;
				CODE_SIGN_STYLE = Automatic;
				DEVELOPMENT_TEAM = YJP3L9Z2T7;
				INFOPLIST_FILE = SPM_4/Info.plist;
				LD_RUNPATH_SEARCH_PATHS = (
					"$(inherited)",
					"@executable_path/Frameworks",
				);
				PRODUCT_BUNDLE_IDENTIFIER = "com.julep.SPM-4";
				PRODUCT_NAME = "$(TARGET_NAME)";
				SWIFT_OBJC_BRIDGING_HEADER = "SPM_4/SPM_4-Bridging-Header.h";
				SWIFT_OPTIMIZATION_LEVEL = "-Onone";
				SWIFT_VERSION = 5.0;
				TARGETED_DEVICE_FAMILY = "1,2";
			};
			name = Debug;
		};
		6D670C4725FA785800BD5242 /* Release */ = {
			isa = XCBuildConfiguration;
			buildSettings = {
				ASSETCATALOG_COMPILER_APPICON_NAME = AppIcon;
				ASSETCATALOG_COMPILER_GLOBAL_ACCENT_COLOR_NAME = AccentColor;
				CLANG_ENABLE_MODULES = YES;
				CODE_SIGN_STYLE = Automatic;
				DEVELOPMENT_TEAM = YJP3L9Z2T7;
				INFOPLIST_FILE = SPM_4/Info.plist;
				LD_RUNPATH_SEARCH_PATHS = (
					"$(inherited)",
					"@executable_path/Frameworks",
				);
				PRODUCT_BUNDLE_IDENTIFIER = "com.julep.SPM-4";
				PRODUCT_NAME = "$(TARGET_NAME)";
				SWIFT_OBJC_BRIDGING_HEADER = "SPM_4/SPM_4-Bridging-Header.h";
				SWIFT_VERSION = 5.0;
				TARGETED_DEVICE_FAMILY = "1,2";
			};
			name = Release;
		};
/* End XCBuildConfiguration section */

/* Begin XCConfigurationList section */
		6D670C2C25FA785600BD5242 /* Build configuration list for PBXProject "SPM_4" */ = {
			isa = XCConfigurationList;
			buildConfigurations = (
				6D670C4325FA785800BD5242 /* Debug */,
				6D670C4425FA785800BD5242 /* Release */,
			);
			defaultConfigurationIsVisible = 0;
			defaultConfigurationName = Release;
		};
		6D670C4525FA785800BD5242 /* Build configuration list for PBXNativeTarget "SPM_4" */ = {
			isa = XCConfigurationList;
			buildConfigurations = (
				6D670C4625FA785800BD5242 /* Debug */,
				6D670C4725FA785800BD5242 /* Release */,
			);
			defaultConfigurationIsVisible = 0;
			defaultConfigurationName = Release;
		};
/* End XCConfigurationList section */

/* Begin XCRemoteSwiftPackageReference section */
		6DD55DC025FFAF5500A462FF /* XCRemoteSwiftPackageReference "themis" */ = {
			isa = XCRemoteSwiftPackageReference;
			repositoryURL = "https://github.com/julepka/themis";
			requirement = {
				kind = exactVersion;
				version = 2.2.1;
			};
		};
/* End XCRemoteSwiftPackageReference section */

/* Begin XCSwiftPackageProductDependency section */
		6DD55DC125FFAF5500A462FF /* themis */ = {
			isa = XCSwiftPackageProductDependency;
			package = 6DD55DC025FFAF5500A462FF /* XCRemoteSwiftPackageReference "themis" */;
			productName = themis;
		};
/* End XCSwiftPackageProductDependency section */
	};
	rootObject = 6D670C2925FA785600BD5242 /* Project object */;
}
